
Microsoft Visual Studio Solution File, Format Version 12.00
# Visual Studio Version 17
VisualStudioVersion = 17.3.32804.467
MinimumVisualStudioVersion = 10.0.40219.1
Project("{FAE04EC0-301F-11D3-BF4B-00C04F79EFBC}") = "azurewebapptest", "azurewebapptest.csproj", "{D750CE1A-B077-474A-9C16-7EE13E4FACF1}"
EndProject
Global
	GlobalSection(SolutionConfigurationPlatforms) = preSolution
		Debug|Any CPU = Debug|Any CPU
		Release|Any CPU = Release|Any CPU
	EndGlobalSection
	GlobalSection(ProjectConfigurationPlatforms) = postSolution
		{D750CE1A-B077-474A-9C16-7EE13E4FACF1}.Debug|Any CPU.ActiveCfg = Debug|Any CPU
		{D750CE1A-B077-474A-9C16-7EE13E4FACF1}.Debug|Any CPU.Build.0 = Debug|Any CPU
		{D750CE1A-B077-474A-9C16-7EE13E4FACF1}.Release|Any CPU.ActiveCfg = Release|Any CPU
		{D750CE1A-B077-474A-9C16-7EE13E4FACF1}.Release|Any CPU.Build.0 = Release|Any CPU
	EndGlobalSection
	GlobalSection(SolutionProperties) = preSolution
		HideSolutionNode = FALSE
	EndGlobalSection
	GlobalSection(ExtensibilityGlobals) = postSolution
		SolutionGuid = {3FDFBD98-04A6-41A0-AC7E-3E0A358048D1}
	EndGlobalSection
EndGlobal
